dependencies:
  espressif/led_strip:
    component_hash: 67d2744208e9c12d8b1992d21c979396c1726e57cb7e35e7c171c515be20f8ea
    source:
      service_url: https://api.components.espressif.com/
      type: service
    version: 2.5.3
  idf:
    component_hash: null
    source:
      type: idf
    version: 5.4.0
  wolfssl/wolfssl:
    component_hash: dfa324078ad654c244e3a1b637b727c5666063cd7befca87ff2935d6b1399b91
    source:
      service_url: https://api.components.espressif.com/
      type: service
    version: 5.7.1-preview2e
manifest_hash: 670d70f47f684faf8625572e385b033cf50a89f33d6499ae481000336a66b4a5
target: esp32
version: 1.0.0
