dependencies:
  espressif/mdns:
    component_hash: d6665090cf41eb399c184aab6f34234251a773e052fb53ca044dcb576264c646
    source:
      service_url: https://api.components.espressif.com/
      type: service
    version: 1.2.1
  idf:
    component_hash: null
    source:
      type: idf
    version: 5.2.0
manifest_hash: f54ced9aed30adc33d76b31f9555561d009bfde7fa648f27fe148247710323c9
target: esp32
version: 1.0.0
